
Microsoft Visual Studio Solution File, Format Version 12.00
# Visual Studio Version 17
VisualStudioVersion = 17.9.34723.18
MinimumVisualStudioVersion = 10.0.40219.1
Project("{FAE04EC0-301F-11D3-BF4B-00C04F79EFBC}") = "Taxio.Android", "Taxio\Taxio.Android\Taxio.Android.csproj", "{6B22ACD8-CF6D-40C7-9A27-134C36F84A1F}"
EndProject
Project("{FAE04EC0-301F-11D3-BF4B-00C04F79EFBC}") = "Taxio.iOS", "Taxio\Taxio.iOS\Taxio.iOS.csproj", "{91B71945-6E20-4C61-AE19-0D8A74E08D80}"
EndProject
Project("{FAE04EC0-301F-11D3-BF4B-00C04F79EFBC}") = "Taxio", "Taxio\Taxio\Taxio.csproj", "{C38E804D-E998-4579-B602-FDC68FB661B0}"
EndProject
Global
	GlobalSection(SolutionConfigurationPlatforms) = preSolution
		Debug|Any CPU = Debug|Any CPU
		Debug|iPhone = Debug|iPhone
		Debug|iPhoneSimulator = Debug|iPhoneSimulator
		Release|Any CPU = Release|Any CPU
		Release|iPhone = Release|iPhone
		Release|iPhoneSimulator = Release|iPhoneSimulator
	EndGlobalSection
	GlobalSection(ProjectConfigurationPlatforms) = postSolution
		{6B22ACD8-CF6D-40C7-9A27-134C36F84A1F}.Debug|Any CPU.ActiveCfg = Debug|Any CPU
		{6B22ACD8-CF6D-40C7-9A27-134C36F84A1F}.Debug|Any CPU.Build.0 = Debug|Any CPU
		{6B22ACD8-CF6D-40C7-9A27-134C36F84A1F}.Debug|Any CPU.Deploy.0 = Debug|Any CPU
		{6B22ACD8-CF6D-40C7-9A27-134C36F84A1F}.Debug|iPhone.ActiveCfg = Debug|Any CPU
		{6B22ACD8-CF6D-40C7-9A27-134C36F84A1F}.Debug|iPhone.Build.0 = Debug|Any CPU
		{6B22ACD8-CF6D-40C7-9A27-134C36F84A1F}.Debug|iPhone.Deploy.0 = Debug|Any CPU
		{6B22ACD8-CF6D-40C7-9A27-134C36F84A1F}.Debug|iPhoneSimulator.ActiveCfg = Debug|Any CPU
		{6B22ACD8-CF6D-40C7-9A27-134C36F84A1F}.Debug|iPhoneSimulator.Build.0 = Debug|Any CPU
		{6B22ACD8-CF6D-40C7-9A27-134C36F84A1F}.Debug|iPhoneSimulator.Deploy.0 = Debug|Any CPU
		{6B22ACD8-CF6D-40C7-9A27-134C36F84A1F}.Release|Any CPU.ActiveCfg = Release|Any CPU
		{6B22ACD8-CF6D-40C7-9A27-134C36F84A1F}.Release|Any CPU.Build.0 = Release|Any CPU
		{6B22ACD8-CF6D-40C7-9A27-134C36F84A1F}.Release|Any CPU.Deploy.0 = Release|Any CPU
		{6B22ACD8-CF6D-40C7-9A27-134C36F84A1F}.Release|iPhone.ActiveCfg = Release|Any CPU
		{6B22ACD8-CF6D-40C7-9A27-134C36F84A1F}.Release|iPhone.Build.0 = Release|Any CPU
		{6B22ACD8-CF6D-40C7-9A27-134C36F84A1F}.Release|iPhone.Deploy.0 = Release|Any CPU
		{6B22ACD8-CF6D-40C7-9A27-134C36F84A1F}.Release|iPhoneSimulator.ActiveCfg = Release|Any CPU
		{6B22ACD8-CF6D-40C7-9A27-134C36F84A1F}.Release|iPhoneSimulator.Build.0 = Release|Any CPU
		{6B22ACD8-CF6D-40C7-9A27-134C36F84A1F}.Release|iPhoneSimulator.Deploy.0 = Release|Any CPU
		{91B71945-6E20-4C61-AE19-0D8A74E08D80}.Debug|Any CPU.ActiveCfg = Debug|iPhone
		{91B71945-6E20-4C61-AE19-0D8A74E08D80}.Debug|Any CPU.Build.0 = Debug|iPhone
		{91B71945-6E20-4C61-AE19-0D8A74E08D80}.Debug|Any CPU.Deploy.0 = Debug|iPhone
		{91B71945-6E20-4C61-AE19-0D8A74E08D80}.Debug|iPhone.ActiveCfg = Debug|iPhone
		{91B71945-6E20-4C61-AE19-0D8A74E08D80}.Debug|iPhone.Build.0 = Debug|iPhone
		{91B71945-6E20-4C61-AE19-0D8A74E08D80}.Debug|iPhone.Deploy.0 = Debug|iPhone
		{91B71945-6E20-4C61-AE19-0D8A74E08D80}.Debug|iPhoneSimulator.ActiveCfg = Debug|iPhoneSimulator
		{91B71945-6E20-4C61-AE19-0D8A74E08D80}.Debug|iPhoneSimulator.Build.0 = Debug|iPhoneSimulator
		{91B71945-6E20-4C61-AE19-0D8A74E08D80}.Debug|iPhoneSimulator.Deploy.0 = Debug|iPhoneSimulator
		{91B71945-6E20-4C61-AE19-0D8A74E08D80}.Release|Any CPU.ActiveCfg = Release|iPhoneSimulator
		{91B71945-6E20-4C61-AE19-0D8A74E08D80}.Release|Any CPU.Build.0 = Release|iPhoneSimulator
		{91B71945-6E20-4C61-AE19-0D8A74E08D80}.Release|Any CPU.Deploy.0 = Release|iPhoneSimulator
		{91B71945-6E20-4C61-AE19-0D8A74E08D80}.Release|iPhone.ActiveCfg = Release|iPhone
		{91B71945-6E20-4C61-AE19-0D8A74E08D80}.Release|iPhone.Build.0 = Release|iPhone
		{91B71945-6E20-4C61-AE19-0D8A74E08D80}.Release|iPhone.Deploy.0 = Release|iPhone
		{91B71945-6E20-4C61-AE19-0D8A74E08D80}.Release|iPhoneSimulator.ActiveCfg = Release|iPhoneSimulator
		{91B71945-6E20-4C61-AE19-0D8A74E08D80}.Release|iPhoneSimulator.Build.0 = Release|iPhoneSimulator
		{91B71945-6E20-4C61-AE19-0D8A74E08D80}.Release|iPhoneSimulator.Deploy.0 = Release|iPhoneSimulator
		{C38E804D-E998-4579-B602-FDC68FB661B0}.Debug|Any CPU.ActiveCfg = Debug|Any CPU
		{C38E804D-E998-4579-B602-FDC68FB661B0}.Debug|Any CPU.Build.0 = Debug|Any CPU
		{C38E804D-E998-4579-B602-FDC68FB661B0}.Debug|Any CPU.Deploy.0 = Debug|Any CPU
		{C38E804D-E998-4579-B602-FDC68FB661B0}.Debug|iPhone.ActiveCfg = Debug|Any CPU
		{C38E804D-E998-4579-B602-FDC68FB661B0}.Debug|iPhone.Build.0 = Debug|Any CPU
		{C38E804D-E998-4579-B602-FDC68FB661B0}.Debug|iPhone.Deploy.0 = Debug|Any CPU
		{C38E804D-E998-4579-B602-FDC68FB661B0}.Debug|iPhoneSimulator.ActiveCfg = Debug|Any CPU
		{C38E804D-E998-4579-B602-FDC68FB661B0}.Debug|iPhoneSimulator.Build.0 = Debug|Any CPU
		{C38E804D-E998-4579-B602-FDC68FB661B0}.Debug|iPhoneSimulator.Deploy.0 = Debug|Any CPU
		{C38E804D-E998-4579-B602-FDC68FB661B0}.Release|Any CPU.ActiveCfg = Release|Any CPU
		{C38E804D-E998-4579-B602-FDC68FB661B0}.Release|Any CPU.Build.0 = Release|Any CPU
		{C38E804D-E998-4579-B602-FDC68FB661B0}.Release|Any CPU.Deploy.0 = Release|Any CPU
		{C38E804D-E998-4579-B602-FDC68FB661B0}.Release|iPhone.ActiveCfg = Release|Any CPU
		{C38E804D-E998-4579-B602-FDC68FB661B0}.Release|iPhone.Build.0 = Release|Any CPU
		{C38E804D-E998-4579-B602-FDC68FB661B0}.Release|iPhone.Deploy.0 = Release|Any CPU
		{C38E804D-E998-4579-B602-FDC68FB661B0}.Release|iPhoneSimulator.ActiveCfg = Release|Any CPU
		{C38E804D-E998-4579-B602-FDC68FB661B0}.Release|iPhoneSimulator.Build.0 = Release|Any CPU
		{C38E804D-E998-4579-B602-FDC68FB661B0}.Release|iPhoneSimulator.Deploy.0 = Release|Any CPU
	EndGlobalSection
	GlobalSection(SolutionProperties) = preSolution
		HideSolutionNode = FALSE
	EndGlobalSection
	GlobalSection(ExtensibilityGlobals) = postSolution
		SolutionGuid = {136652DE-062F-4E51-A07E-5A12B7354CDF}
	EndGlobalSection
EndGlobal
